
Microsoft Visual Studio Solution File, Format Version 12.00
# Visual Studio Version 17
VisualStudioVersion = 17.4.33110.190
MinimumVisualStudioVersion = 10.0.40219.1
Project("{FAE04EC0-301F-11D3-BF4B-00C04F79EFBC}") = "CSharpShop2", "CSharpShop2\CSharpShop2.csproj", "{77730791-A46D-462A-BB99-4E9B5B22E4DB}"
EndProject
Global
	GlobalSection(SolutionConfigurationPlatforms) = preSolution
		Debug|Any CPU = Debug|Any CPU
		Release|Any CPU = Release|Any CPU
	EndGlobalSection
	GlobalSection(ProjectConfigurationPlatforms) = postSolution
		{77730791-A46D-462A-BB99-4E9B5B22E4DB}.Debug|Any CPU.ActiveCfg = Debug|Any CPU
		{77730791-A46D-462A-BB99-4E9B5B22E4DB}.Debug|Any CPU.Build.0 = Debug|Any CPU
		{77730791-A46D-462A-BB99-4E9B5B22E4DB}.Release|Any CPU.ActiveCfg = Release|Any CPU
		{77730791-A46D-462A-BB99-4E9B5B22E4DB}.Release|Any CPU.Build.0 = Release|Any CPU
	EndGlobalSection
	GlobalSection(SolutionProperties) = preSolution
		HideSolutionNode = FALSE
	EndGlobalSection
	GlobalSection(ExtensibilityGlobals) = postSolution
		SolutionGuid = {1C9EF07D-F499-4B88-9A5F-029420E1C5CF}
	EndGlobalSection
EndGlobal
